lockfileVersion: '9.0'

settings:
  autoInstallPeers: true
  excludeLinksFromLockfile: false

importers:

  .:
    dependencies:
      '@swc/helpers':
        specifier: ^0.4.3
        version: 0.4.37
      lodash:
        specifier: ^4.17.21
        version: 4.17.21
    devDependencies:
      jest-worker:
        specifier: ^27.0.6
        version: 27.5.1

packages:

  '@swc/helpers@0.4.14':
    resolution: {integrity: sha512-4C7nX/dvpzB7za4Ql9K81xK3HPxCpHMgwTZVyf+9JQ6VUbn9jjZVN7/Nkdz/Ugzs2CSjqnL/UPXroiVBVHUWUw==}

  '@swc/helpers@0.4.37':
    resolution: {integrity: sha512-O4U8DmGtYvuWDrqmkAqhmA+sV8D3eJzvKSUgg5L5eaCCPdywZBLc97UgJT/fQaCkQ5onJzJWNojgErJk1bThaw==}

  '@types/node@22.13.4':
    resolution: {integrity: sha512-ywP2X0DYtX3y08eFVx5fNIw7/uIv8hYUKgXoK8oayJlLnKcRfEYCxWMVE1XagUdVtCJlZT1AU4LXEABW+L1Peg==}

  has-flag@4.0.0:
    resolution: {integrity: sha512-EykJT/Q1KjTWctppgIAgfSO0tKVuZUjhgMr17kqTumMl6Afv3EISleU7qZUzoXDFTAHTDC4NOoG/ZxU3EvlMPQ==}
    engines: {node: '>=8'}

  jest-worker@27.5.1:
    resolution: {integrity: sha512-7vuh85V5cdDofPyxn58nrPjBktZo0u9x1g8WtjQol+jZDaE+fhN+cIvTj11GndBnMnyfrUOG1sZQxCdjKh+DKg==}
    engines: {node: '>= 10.13.0'}

  lodash@4.17.21:
    resolution: {integrity: sha512-v2kDEe57lecTulaDIuNTPy3Ry4gLGJ6Z1O3vE1krgXZNrsQ+LFTGHVxVjcXPs17LhbZVGedAJv8XZ1tvj5FvSg==}

  merge-stream@2.0.0:
    resolution: {integrity: sha512-abv/qOcuPfk3URPfDzmZU1LKmuw8kT+0nIHvKrKgFrwifol/doWcdA4ZqsWQ8ENrFKkd67Mfpo/LovbIUsbt3w==}

  supports-color@8.1.1:
    resolution: {integrity: sha512-MpUEN2OodtUzxvKQl72cUF7RQ5EiHsGvSsVG0ia9c5RbWGL2CI4C7EpPS8UTBIplnlzZiNuV56w+FuNxy3ty2Q==}
    engines: {node: '>=10'}

  tslib@2.8.1:
    resolution: {integrity: sha512-oJFu94HQb+KVduSUQL7wnpmqnfmLsOA/nAh6b6EH0wCEoK0/mPeXU6c3wKDV83MkOuHPRHtSXKKU99IBazS/2w==}

  undici-types@6.20.0:
    resolution: {integrity: sha512-Ny6QZ2Nju20vw1SRHe3d9jVu6gJ+4e3+MMpqu7pqE5HT6WsTSlce++GQmK5UXS8mzV8DSYHrQH+Xrf2jVcuKNg==}

snapshots:

  '@swc/helpers@0.4.14':
    dependencies:
      tslib: 2.8.1

  '@swc/helpers@0.4.37':
    dependencies:
      '@swc/legacy-helpers': '@swc/helpers@0.4.14'
      tslib: 2.8.1

  '@types/node@22.13.4':
    dependencies:
      undici-types: 6.20.0

  has-flag@4.0.0: {}

  jest-worker@27.5.1:
    dependencies:
      '@types/node': 22.13.4
      merge-stream: 2.0.0
      supports-color: 8.1.1

  lodash@4.17.21: {}

  merge-stream@2.0.0: {}

  supports-color@8.1.1:
    dependencies:
      has-flag: 4.0.0

  tslib@2.8.1: {}

  undici-types@6.20.0: {}
